// !$*UTF8*$!
{
	archiveVersion = 1;
	classes = {
	};
	objectVersion = 51;
	objects = {

/* Begin PBXBuildFile section */
		4EC2253003742570A7FA1A55 /* Pods_parstagramTests.framework in Frameworks */ = {isa = PBXBuildFile; fileRef = DC4B25FB358E5179D11790A9 /* Pods_parstagramTests.framework */; };
		547579719F8ECF938393902F /* Pods_parstagram_parstagramUITests.framework in Frameworks */ = {isa = PBXBuildFile; fileRef = 6FE1555117E64326B2517381 /* Pods_parstagram_parstagramUITests.framework */; };
		ACBD2FE525432907002AF124 /* AppDelegate.swift in Sources */ = {isa = PBXBuildFile; fileRef = ACBD2FE425432907002AF124 /* AppDelegate.swift */; };
		ACBD2FE725432907002AF124 /* SceneDelegate.swift in Sources */ = {isa = PBXBuildFile; fileRef = ACBD2FE625432907002AF124 /* SceneDelegate.swift */; };
		ACBD2FEC25432907002AF124 /* Main.storyboard in Resources */ = {isa = PBXBuildFile; fileRef = ACBD2FEA25432907002AF124 /* Main.storyboard */; };
		ACBD2FEE25432908002AF124 /* Assets.xcassets in Resources */ = {isa = PBXBuildFile; fileRef = ACBD2FED25432908002AF124 /* Assets.xcassets */; };
		ACBD2FF125432908002AF124 /* LaunchScreen.storyboard in Resources */ = {isa = PBXBuildFile; fileRef = ACBD2FEF25432908002AF124 /* LaunchScreen.storyboard */; };
		ACBD2FFC25432908002AF124 /* parstagramTests.swift in Sources */ = {isa = PBXBuildFile; fileRef = ACBD2FFB25432908002AF124 /* parstagramTests.swift */; };
		ACBD300725432908002AF124 /* parstagramUITests.swift in Sources */ = {isa = PBXBuildFile; fileRef = ACBD300625432908002AF124 /* parstagramUITests.swift */; };
		ACBD302925432F83002AF124 /* LoginViewController.swift in Sources */ = {isa = PBXBuildFile; fileRef = ACBD302825432F83002AF124 /* LoginViewController.swift */; };
		ACBD302E25432F91002AF124 /* FeedViewController.swift in Sources */ = {isa = PBXBuildFile; fileRef = ACBD302D25432F91002AF124 /* FeedViewController.swift */; };
		ACBD30332543387E002AF124 /* CameraViewController.swift in Sources */ = {isa = PBXBuildFile; fileRef = ACBD30322543387E002AF124 /* CameraViewController.swift */; };
		ACBD303825436668002AF124 /* PostCell.swift in Sources */ = {isa = PBXBuildFile; fileRef = ACBD303725436668002AF124 /* PostCell.swift */; };
		CBC3E814E59E97C0430F4DDA /* Pods_parstagram.framework in Frameworks */ = {isa = PBXBuildFile; fileRef = 72BE3520756D935EA98731F2 /* Pods_parstagram.framework */; };
/* End PBXBuildFile section */

/* Begin PBXContainerItemProxy section */
		ACBD2FF825432908002AF124 /* PBXContainerItemProxy */ = {
			isa = PBXContainerItemProxy;
			containerPortal = ACBD2FD925432907002AF124 /* Project object */;
			proxyType = 1;
			remoteGlobalIDString = ACBD2FE025432907002AF124;
			remoteInfo = parstagram;
		};
		ACBD300325432908002AF124 /* PBXContainerItemProxy */ = {
			isa = PBXContainerItemProxy;
			containerPortal = ACBD2FD925432907002AF124 /* Project object */;
			proxyType = 1;
			remoteGlobalIDString = ACBD2FE025432907002AF124;
			remoteInfo = parstagram;
		};
/* End PBXContainerItemProxy section */

/* Begin PBXFileReference section */
		6FE1555117E64326B2517381 /* Pods_parstagram_parstagramUITests.framework */ = {isa = PBXFileReference; explicitFileType = wrapper.framework; includeInIndex = 0; path = Pods_parstagram_parstagramUITests.framework; sourceTree = BUILT_PRODUCTS_DIR; };
		72BE3520756D935EA98731F2 /* Pods_parstagram.framework */ = {isa = PBXFileReference; explicitFileType = wrapper.framework; includeInIndex = 0; path = Pods_parstagram.framework; sourceTree = BUILT_PRODUCTS_DIR; };
		854F940189C32E0BAA312A36 /* Pods-parstagram.release.xcconfig */ = {isa = PBXFileReference; includeInIndex = 1; lastKnownFileType = text.xcconfig; name = "Pods-parstagram.release.xcconfig"; path = "Target Support Files/Pods-parstagram/Pods-parstagram.release.xcconfig"; sourceTree = "<group>"; };
		953D72AC0B916449ED3CCDDA /* Pods-parstagram-parstagramUITests.release.xcconfig */ = {isa = PBXFileReference; includeInIndex = 1; lastKnownFileType = text.xcconfig; name = "Pods-parstagram-parstagramUITests.release.xcconfig"; path = "Target Support Files/Pods-parstagram-parstagramUITests/Pods-parstagram-parstagramUITests.release.xcconfig"; sourceTree = "<group>"; };
		A8360776D5B355782807E661 /* Pods-parstagram.debug.xcconfig */ = {isa = PBXFileReference; includeInIndex = 1; lastKnownFileType = text.xcconfig; name = "Pods-parstagram.debug.xcconfig"; path = "Target Support Files/Pods-parstagram/Pods-parstagram.debug.xcconfig"; sourceTree = "<group>"; };
		ACBD2FE125432907002AF124 /* parstagram.app */ = {isa = PBXFileReference; explicitFileType = wrapper.application; includeInIndex = 0; path = parstagram.app; sourceTree = BUILT_PRODUCTS_DIR; };
		ACBD2FE425432907002AF124 /* AppDelegate.swift */ = {isa = PBXFileReference; lastKnownFileType = sourcecode.swift; path = AppDelegate.swift; sourceTree = "<group>"; };
		ACBD2FE625432907002AF124 /* SceneDelegate.swift */ = {isa = PBXFileReference; lastKnownFileType = sourcecode.swift; path = SceneDelegate.swift; sourceTree = "<group>"; };
		ACBD2FEB25432907002AF124 /* Base */ = {isa = PBXFileReference; lastKnownFileType = file.storyboard; name = Base; path = Base.lproj/Main.storyboard; sourceTree = "<group>"; };
		ACBD2FED25432908002AF124 /* Assets.xcassets */ = {isa = PBXFileReference; lastKnownFileType = folder.assetcatalog; path = Assets.xcassets; sourceTree = "<group>"; };
		ACBD2FF025432908002AF124 /* Base */ = {isa = PBXFileReference; lastKnownFileType = file.storyboard; name = Base; path = Base.lproj/LaunchScreen.storyboard; sourceTree = "<group>"; };
		ACBD2FF225432908002AF124 /* Info.plist */ = {isa = PBXFileReference; lastKnownFileType = text.plist.xml; path = Info.plist; sourceTree = "<group>"; };
		ACBD2FF725432908002AF124 /* parstagramTests.xctest */ = {isa = PBXFileReference; explicitFileType = wrapper.cfbundle; includeInIndex = 0; path = parstagramTests.xctest; sourceTree = BUILT_PRODUCTS_DIR; };
		ACBD2FFB25432908002AF124 /* parstagramTests.swift */ = {isa = PBXFileReference; lastKnownFileType = sourcecode.swift; path = parstagramTests.swift; sourceTree = "<group>"; };
		ACBD2FFD25432908002AF124 /* Info.plist */ = {isa = PBXFileReference; lastKnownFileType = text.plist.xml; path = Info.plist; sourceTree = "<group>"; };
		ACBD300225432908002AF124 /* parstagramUITests.xctest */ = {isa = PBXFileReference; explicitFileType = wrapper.cfbundle; includeInIndex = 0; path = parstagramUITests.xctest; sourceTree = BUILT_PRODUCTS_DIR; };
		ACBD300625432908002AF124 /* parstagramUITests.swift */ = {isa = PBXFileReference; lastKnownFileType = sourcecode.swift; path = parstagramUITests.swift; sourceTree = "<group>"; };
		ACBD300825432908002AF124 /* Info.plist */ = {isa = PBXFileReference; lastKnownFileType = text.plist.xml; path = Info.plist; sourceTree = "<group>"; };
		ACBD302825432F83002AF124 /* LoginViewController.swift */ = {isa = PBXFileReference; lastKnownFileType = sourcecode.swift; path = LoginViewController.swift; sourceTree = "<group>"; };
		ACBD302D25432F91002AF124 /* FeedViewController.swift */ = {isa = PBXFileReference; lastKnownFileType = sourcecode.swift; path = FeedViewController.swift; sourceTree = "<group>"; };
		ACBD30322543387E002AF124 /* CameraViewController.swift */ = {isa = PBXFileReference; lastKnownFileType = sourcecode.swift; path = CameraViewController.swift; sourceTree = "<group>"; };
		ACBD303725436668002AF124 /* PostCell.swift */ = {isa = PBXFileReference; lastKnownFileType = sourcecode.swift; path = PostCell.swift; sourceTree = "<group>"; };
		B66B3B8C72CDCEAC3DAFB87C /* Pods-parstagramTests.debug.xcconfig */ = {isa = PBXFileReference; includeInIndex = 1; lastKnownFileType = text.xcconfig; name = "Pods-parstagramTests.debug.xcconfig"; path = "Target Support Files/Pods-parstagramTests/Pods-parstagramTests.debug.xcconfig"; sourceTree = "<group>"; };
		DC4B25FB358E5179D11790A9 /* Pods_parstagramTests.framework */ = {isa = PBXFileReference; explicitFileType = wrapper.framework; includeInIndex = 0; path = Pods_parstagramTests.framework; sourceTree = BUILT_PRODUCTS_DIR; };
		E0AA1783F2E52BD3DF80AADD /* Pods-parstagram-parstagramUITests.debug.xcconfig */ = {isa = PBXFileReference; includeInIndex = 1; lastKnownFileType = text.xcconfig; name = "Pods-parstagram-parstagramUITests.debug.xcconfig"; path = "Target Support Files/Pods-parstagram-parstagramUITests/Pods-parstagram-parstagramUITests.debug.xcconfig"; sourceTree = "<group>"; };
		F8728F57E9282975E93400BF /* Pods-parstagramTests.release.xcconfig */ = {isa = PBXFileReference; includeInIndex = 1; lastKnownFileType = text.xcconfig; name = "Pods-parstagramTests.release.xcconfig"; path = "Target Support Files/Pods-parstagramTests/Pods-parstagramTests.release.xcconfig"; sourceTree = "<group>"; };
/* End PBXFileReference section */

/* Begin PBXFrameworksBuildPhase section */
		ACBD2FDE25432907002AF124 /* Frameworks */ = {
			isa = PBXFrameworksBuildPhase;
			buildActionMask = 2147483647;
			files = (
				CBC3E814E59E97C0430F4DDA /* Pods_parstagram.framework in Frameworks */,
			);
			runOnlyForDeploymentPostprocessing = 0;
		};
		ACBD2FF425432908002AF124 /* Frameworks */ = {
			isa = PBXFrameworksBuildPhase;
			buildActionMask = 2147483647;
			files = (
				4EC2253003742570A7FA1A55 /* Pods_parstagramTests.framework in Frameworks */,
			);
			runOnlyForDeploymentPostprocessing = 0;
		};
		ACBD2FFF25432908002AF124 /* Frameworks */ = {
			isa = PBXFrameworksBuildPhase;
			buildActionMask = 2147483647;
			files = (
				547579719F8ECF938393902F /* Pods_parstagram_parstagramUITests.framework in Frameworks */,
			);
			runOnlyForDeploymentPostprocessing = 0;
		};
/* End PBXFrameworksBuildPhase section */

/* Begin PBXGroup section */
		03790770322BFFD6CC9E692C /* Pods */ = {
			isa = PBXGroup;
			children = (
				A8360776D5B355782807E661 /* Pods-parstagram.debug.xcconfig */,
				854F940189C32E0BAA312A36 /* Pods-parstagram.release.xcconfig */,
				E0AA1783F2E52BD3DF80AADD /* Pods-parstagram-parstagramUITests.debug.xcconfig */,
				953D72AC0B916449ED3CCDDA /* Pods-parstagram-parstagramUITests.release.xcconfig */,
				B66B3B8C72CDCEAC3DAFB87C /* Pods-parstagramTests.debug.xcconfig */,
				F8728F57E9282975E93400BF /* Pods-parstagramTests.release.xcconfig */,
			);
			path = Pods;
			sourceTree = "<group>";
		};
		ACBD2FD825432907002AF124 = {
			isa = PBXGroup;
			children = (
				ACBD2FE325432907002AF124 /* parstagram */,
				ACBD2FFA25432908002AF124 /* parstagramTests */,
				ACBD300525432908002AF124 /* parstagramUITests */,
				ACBD2FE225432907002AF124 /* Products */,
				03790770322BFFD6CC9E692C /* Pods */,
				CC3F687A5E56A2DB698B166B /* Frameworks */,
			);
			sourceTree = "<group>";
		};
		ACBD2FE225432907002AF124 /* Products */ = {
			isa = PBXGroup;
			children = (
				ACBD2FE125432907002AF124 /* parstagram.app */,
				ACBD2FF725432908002AF124 /* parstagramTests.xctest */,
				ACBD300225432908002AF124 /* parstagramUITests.xctest */,
			);
			name = Products;
			sourceTree = "<group>";
		};
		ACBD2FE325432907002AF124 /* parstagram */ = {
			isa = PBXGroup;
			children = (
				ACBD2FE425432907002AF124 /* AppDelegate.swift */,
				ACBD2FE625432907002AF124 /* SceneDelegate.swift */,
				ACBD2FEA25432907002AF124 /* Main.storyboard */,
				ACBD2FED25432908002AF124 /* Assets.xcassets */,
				ACBD2FEF25432908002AF124 /* LaunchScreen.storyboard */,
				ACBD2FF225432908002AF124 /* Info.plist */,
				ACBD302825432F83002AF124 /* LoginViewController.swift */,
				ACBD302D25432F91002AF124 /* FeedViewController.swift */,
				ACBD30322543387E002AF124 /* CameraViewController.swift */,
				ACBD303725436668002AF124 /* PostCell.swift */,
			);
			path = parstagram;
			sourceTree = "<group>";
		};
		ACBD2FFA25432908002AF124 /* parstagramTests */ = {
			isa = PBXGroup;
			children = (
				ACBD2FFB25432908002AF124 /* parstagramTests.swift */,
				ACBD2FFD25432908002AF124 /* Info.plist */,
			);
			path = parstagramTests;
			sourceTree = "<group>";
		};
		ACBD300525432908002AF124 /* parstagramUITests */ = {
			isa = PBXGroup;
			children = (
				ACBD300625432908002AF124 /* parstagramUITests.swift */,
				ACBD300825432908002AF124 /* Info.plist */,
			);
			path = parstagramUITests;
			sourceTree = "<group>";
		};
		CC3F687A5E56A2DB698B166B /* Frameworks */ = {
			isa = PBXGroup;
			children = (
				72BE3520756D935EA98731F2 /* Pods_parstagram.framework */,
				6FE1555117E64326B2517381 /* Pods_parstagram_parstagramUITests.framework */,
				DC4B25FB358E5179D11790A9 /* Pods_parstagramTests.framework */,
			);
			name = Frameworks;
			sourceTree = "<group>";
		};
/* End PBXGroup section */

/* Begin PBXNativeTarget section */
		ACBD2FE025432907002AF124 /* parstagram */ = {
			isa = PBXNativeTarget;
			buildConfigurationList = ACBD300B25432908002AF124 /* Build configuration list for PBXNativeTarget "parstagram" */;
			buildPhases = (
				B7E0D407F341DA914910C92E /* [CP] Check Pods Manifest.lock */,
				ACBD2FDD25432907002AF124 /* Sources */,
				ACBD2FDE25432907002AF124 /* Frameworks */,
				ACBD2FDF25432907002AF124 /* Resources */,
				A651F611B04A91CB3E384749 /* [CP] Embed Pods Frameworks */,
			);
			buildRules = (
			);
			dependencies = (
			);
			name = parstagram;
			productName = parstagram;
			productReference = ACBD2FE125432907002AF124 /* parstagram.app */;
			productType = "com.apple.product-type.application";
		};
		ACBD2FF625432908002AF124 /* parstagramTests */ = {
			isa = PBXNativeTarget;
			buildConfigurationList = ACBD300E25432908002AF124 /* Build configuration list for PBXNativeTarget "parstagramTests" */;
			buildPhases = (
				8A898A00AA7DDA818095E354 /* [CP] Check Pods Manifest.lock */,
				ACBD2FF325432908002AF124 /* Sources */,
				ACBD2FF425432908002AF124 /* Frameworks */,
				ACBD2FF525432908002AF124 /* Resources */,
			);
			buildRules = (
			);
			dependencies = (
				ACBD2FF925432908002AF124 /* PBXTargetDependency */,
			);
			name = parstagramTests;
			productName = parstagramTests;
			productReference = ACBD2FF725432908002AF124 /* parstagramTests.xctest */;
			productType = "com.apple.product-type.bundle.unit-test";
		};
		ACBD300125432908002AF124 /* parstagramUITests */ = {
			isa = PBXNativeTarget;
			buildConfigurationList = ACBD301125432908002AF124 /* Build configuration list for PBXNativeTarget "parstagramUITests" */;
			buildPhases = (
				02F3E00BB8FABF1B99DC05D7 /* [CP] Check Pods Manifest.lock */,
				ACBD2FFE25432908002AF124 /* Sources */,
				ACBD2FFF25432908002AF124 /* Frameworks */,
				ACBD300025432908002AF124 /* Resources */,
				CF20A55D9D5752396BD234ED /* [CP] Embed Pods Frameworks */,
			);
			buildRules = (
			);
			dependencies = (
				ACBD300425432908002AF124 /* PBXTargetDependency */,
			);
			name = parstagramUITests;
			productName = parstagramUITests;
			productReference = ACBD300225432908002AF124 /* parstagramUITests.xctest */;
			productType = "com.apple.product-type.bundle.ui-testing";
		};
/* End PBXNativeTarget section */

/* Begin PBXProject section */
		ACBD2FD925432907002AF124 /* Project object */ = {
			isa = PBXProject;
			attributes = {
				LastSwiftUpdateCheck = 1200;
				LastUpgradeCheck = 1200;
				TargetAttributes = {
					ACBD2FE025432907002AF124 = {
						CreatedOnToolsVersion = 12.0.1;
					};
					ACBD2FF625432908002AF124 = {
						CreatedOnToolsVersion = 12.0.1;
						TestTargetID = ACBD2FE025432907002AF124;
					};
					ACBD300125432908002AF124 = {
						CreatedOnToolsVersion = 12.0.1;
						TestTargetID = ACBD2FE025432907002AF124;
					};
				};
			};
			buildConfigurationList = ACBD2FDC25432907002AF124 /* Build configuration list for PBXProject "parstagram" */;
			compatibilityVersion = "Xcode 9.3";
			developmentRegion = en;
			hasScannedForEncodings = 0;
			knownRegions = (
				en,
				Base,
			);
			mainGroup = ACBD2FD825432907002AF124;
			productRefGroup = ACBD2FE225432907002AF124 /* Products */;
			projectDirPath = "";
			projectRoot = "";
			targets = (
				ACBD2FE025432907002AF124 /* parstagram */,
				ACBD2FF625432908002AF124 /* parstagramTests */,
				ACBD300125432908002AF124 /* parstagramUITests */,
			);
		};
/* End PBXProject section */

/* Begin PBXResourcesBuildPhase section */
		ACBD2FDF25432907002AF124 /* Resources */ = {
			isa = PBXResourcesBuildPhase;
			buildActionMask = 2147483647;
			files = (
				ACBD2FF125432908002AF124 /* LaunchScreen.storyboard in Resources */,
				ACBD2FEE25432908002AF124 /* Assets.xcassets in Resources */,
				ACBD2FEC25432907002AF124 /* Main.storyboard in Resources */,
			);
			runOnlyForDeploymentPostprocessing = 0;
		};
		ACBD2FF525432908002AF124 /* Resources */ = {
			isa = PBXResourcesBuildPhase;
			buildActionMask = 2147483647;
			files = (
			);
			runOnlyForDeploymentPostprocessing = 0;
		};
		ACBD300025432908002AF124 /* Resources */ = {
			isa = PBXResourcesBuildPhase;
			buildActionMask = 2147483647;
			files = (
			);
			runOnlyForDeploymentPostprocessing = 0;
		};
/* End PBXResourcesBuildPhase section */

/* Begin PBXShellScriptBuildPhase section */
		02F3E00BB8FABF1B99DC05D7 /* [CP] Check Pods Manifest.lock */ = {
			isa = PBXShellScriptBuildPhase;
			buildActionMask = 2147483647;
			files = (
			);
			inputFileListPaths = (
			);
			inputPaths = (
				"${PODS_PODFILE_DIR_PATH}/Podfile.lock",
				"${PODS_ROOT}/Manifest.lock",
			);
			name = "[CP] Check Pods Manifest.lock";
			outputFileListPaths = (
			);
			outputPaths = (
				"$(DERIVED_FILE_DIR)/Pods-parstagram-parstagramUITests-checkManifestLockResult.txt",
			);
			runOnlyForDeploymentPostprocessing = 0;
			shellPath = /bin/sh;
			shellScript = "diff \"${PODS_PODFILE_DIR_PATH}/Podfile.lock\" \"${PODS_ROOT}/Manifest.lock\" > /dev/null\nif [ $? != 0 ] ; then\n    # print error to STDERR\n    echo \"error: The sandbox is not in sync with the Podfile.lock. Run 'pod install' or update your CocoaPods installation.\" >&2\n    exit 1\nfi\n# This output is used by Xcode 'outputs' to avoid re-running this script phase.\necho \"SUCCESS\" > \"${SCRIPT_OUTPUT_FILE_0}\"\n";
			showEnvVarsInLog = 0;
		};
		8A898A00AA7DDA818095E354 /* [CP] Check Pods Manifest.lock */ = {
			isa = PBXShellScriptBuildPhase;
			buildActionMask = 2147483647;
			files = (
			);
			inputFileListPaths = (
			);
			inputPaths = (
				"${PODS_PODFILE_DIR_PATH}/Podfile.lock",
				"${PODS_ROOT}/Manifest.lock",
			);
			name = "[CP] Check Pods Manifest.lock";
			outputFileListPaths = (
			);
			outputPaths = (
				"$(DERIVED_FILE_DIR)/Pods-parstagramTests-checkManifestLockResult.txt",
			);
			runOnlyForDeploymentPostprocessing = 0;
			shellPath = /bin/sh;
			shellScript = "diff \"${PODS_PODFILE_DIR_PATH}/Podfile.lock\" \"${PODS_ROOT}/Manifest.lock\" > /dev/null\nif [ $? != 0 ] ; then\n    # print error to STDERR\n    echo \"error: The sandbox is not in sync with the Podfile.lock. Run 'pod install' or update your CocoaPods installation.\" >&2\n    exit 1\nfi\n# This output is used by Xcode 'outputs' to avoid re-running this script phase.\necho \"SUCCESS\" > \"${SCRIPT_OUTPUT_FILE_0}\"\n";
			showEnvVarsInLog = 0;
		};
		A651F611B04A91CB3E384749 /* [CP] Embed Pods Frameworks */ = {
			isa = PBXShellScriptBuildPhase;
			buildActionMask = 2147483647;
			files = (
			);
			inputFileListPaths = (
				"${PODS_ROOT}/Target Support Files/Pods-parstagram/Pods-parstagram-frameworks-${CONFIGURATION}-input-files.xcfilelist",
			);
			name = "[CP] Embed Pods Frameworks";
			outputFileListPaths = (
				"${PODS_ROOT}/Target Support Files/Pods-parstagram/Pods-parstagram-frameworks-${CONFIGURATION}-output-files.xcfilelist",
			);
			runOnlyForDeploymentPostprocessing = 0;
			shellPath = /bin/sh;
			shellScript = "\"${PODS_ROOT}/Target Support Files/Pods-parstagram/Pods-parstagram-frameworks.sh\"\n";
			showEnvVarsInLog = 0;
		};
		B7E0D407F341DA914910C92E /* [CP] Check Pods Manifest.lock */ = {
			isa = PBXShellScriptBuildPhase;
			buildActionMask = 2147483647;
			files = (
			);
			inputFileListPaths = (
			);
			inputPaths = (
				"${PODS_PODFILE_DIR_PATH}/Podfile.lock",
				"${PODS_ROOT}/Manifest.lock",
			);
			name = "[CP] Check Pods Manifest.lock";
			outputFileListPaths = (
			);
			outputPaths = (
				"$(DERIVED_FILE_DIR)/Pods-parstagram-checkManifestLockResult.txt",
			);
			runOnlyForDeploymentPostprocessing = 0;
			shellPath = /bin/sh;
			shellScript = "diff \"${PODS_PODFILE_DIR_PATH}/Podfile.lock\" \"${PODS_ROOT}/Manifest.lock\" > /dev/null\nif [ $? != 0 ] ; then\n    # print error to STDERR\n    echo \"error: The sandbox is not in sync with the Podfile.lock. Run 'pod install' or update your CocoaPods installation.\" >&2\n    exit 1\nfi\n# This output is used by Xcode 'outputs' to avoid re-running this script phase.\necho \"SUCCESS\" > \"${SCRIPT_OUTPUT_FILE_0}\"\n";
			showEnvVarsInLog = 0;
		};
		CF20A55D9D5752396BD234ED /* [CP] Embed Pods Frameworks */ = {
			isa = PBXShellScriptBuildPhase;
			buildActionMask = 2147483647;
			files = (
			);
			inputFileListPaths = (
				"${PODS_ROOT}/Target Support Files/Pods-parstagram-parstagramUITests/Pods-parstagram-parstagramUITests-frameworks-${CONFIGURATION}-input-files.xcfilelist",
			);
			name = "[CP] Embed Pods Frameworks";
			outputFileListPaths = (
				"${PODS_ROOT}/Target Support Files/Pods-parstagram-parstagramUITests/Pods-parstagram-parstagramUITests-frameworks-${CONFIGURATION}-output-files.xcfilelist",
			);
			runOnlyForDeploymentPostprocessing = 0;
			shellPath = /bin/sh;
			shellScript = "\"${PODS_ROOT}/Target Support Files/Pods-parstagram-parstagramUITests/Pods-parstagram-parstagramUITests-frameworks.sh\"\n";
			showEnvVarsInLog = 0;
		};
/* End PBXShellScriptBuildPhase section */

/* Begin PBXSourcesBuildPhase section */
		ACBD2FDD25432907002AF124 /* Sources */ = {
			isa = PBXSourcesBuildPhase;
			buildActionMask = 2147483647;
			files = (
				ACBD302925432F83002AF124 /* LoginViewController.swift in Sources */,
				ACBD30332543387E002AF124 /* CameraViewController.swift in Sources */,
				ACBD2FE525432907002AF124 /* AppDelegate.swift in Sources */,
				ACBD302E25432F91002AF124 /* FeedViewController.swift in Sources */,
				ACBD2FE725432907002AF124 /* SceneDelegate.swift in Sources */,
				ACBD303825436668002AF124 /* PostCell.swift in Sources */,
			);
			runOnlyForDeploymentPostprocessing = 0;
		};
		ACBD2FF325432908002AF124 /* Sources */ = {
			isa = PBXSourcesBuildPhase;
			buildActionMask = 2147483647;
			files = (
				ACBD2FFC25432908002AF124 /* parstagramTests.swift in Sources */,
			);
			runOnlyForDeploymentPostprocessing = 0;
		};
		ACBD2FFE25432908002AF124 /* Sources */ = {
			isa = PBXSourcesBuildPhase;
			buildActionMask = 2147483647;
			files = (
				ACBD300725432908002AF124 /* parstagramUITests.swift in Sources */,
			);
			runOnlyForDeploymentPostprocessing = 0;
		};
/* End PBXSourcesBuildPhase section */

/* Begin PBXTargetDependency section */
		ACBD2FF925432908002AF124 /* PBXTargetDependency */ = {
			isa = PBXTargetDependency;
			target = ACBD2FE025432907002AF124 /* parstagram */;
			targetProxy = ACBD2FF825432908002AF124 /* PBXContainerItemProxy */;
		};
		ACBD300425432908002AF124 /* PBXTargetDependency */ = {
			isa = PBXTargetDependency;
			target = ACBD2FE025432907002AF124 /* parstagram */;
			targetProxy = ACBD300325432908002AF124 /* PBXContainerItemProxy */;
		};
/* End PBXTargetDependency section */

/* Begin PBXVariantGroup section */
		ACBD2FEA25432907002AF124 /* Main.storyboard */ = {
			isa = PBXVariantGroup;
			children = (
				ACBD2FEB25432907002AF124 /* Base */,
			);
			name = Main.storyboard;
			sourceTree = "<group>";
		};
		ACBD2FEF25432908002AF124 /* LaunchScreen.storyboard */ = {
			isa = PBXVariantGroup;
			children = (
				ACBD2FF025432908002AF124 /* Base */,
			);
			name = LaunchScreen.storyboard;
			sourceTree = "<group>";
		};
/* End PBXVariantGroup section */

/* Begin XCBuildConfiguration section */
		ACBD300925432908002AF124 /* Debug */ = {
			isa = XCBuildConfiguration;
			buildSettings = {
				ALWAYS_SEARCH_USER_PATHS = NO;
				CLANG_ANALYZER_NONNULL = YES;
				CLANG_ANALYZER_NUMBER_OBJECT_CONVERSION = YES_AGGRESSIVE;
				CLANG_CXX_LANGUAGE_STANDARD = "gnu++14";
				CLANG_CXX_LIBRARY = "libc++";
				CLANG_ENABLE_MODULES = YES;
				CLANG_ENABLE_OBJC_ARC = YES;
				CLANG_ENABLE_OBJC_WEAK = YES;
				CLANG_WARN_BLOCK_CAPTURE_AUTORELEASING = YES;
				CLANG_WARN_BOOL_CONVERSION = YES;
				CLANG_WARN_COMMA = YES;
				CLANG_WARN_CONSTANT_CONVERSION = YES;
				CLANG_WARN_DEPRECATED_OBJC_IMPLEMENTATIONS = YES;
				CLANG_WARN_DIRECT_OBJC_ISA_USAGE = YES_ERROR;
				CLANG_WARN_DOCUMENTATION_COMMENTS = YES;
				CLANG_WARN_EMPTY_BODY = YES;
				CLANG_WARN_ENUM_CONVERSION = YES;
				CLANG_WARN_INFINITE_RECURSION = YES;
				CLANG_WARN_INT_CONVERSION = YES;
				CLANG_WARN_NON_LITERAL_NULL_CONVERSION = YES;
				CLANG_WARN_OBJC_IMPLICIT_RETAIN_SELF = YES;
				CLANG_WARN_OBJC_LITERAL_CONVERSION = YES;
				CLANG_WARN_OBJC_ROOT_CLASS = YES_ERROR;
				CLANG_WARN_QUOTED_INCLUDE_IN_FRAMEWORK_HEADER = YES;
				CLANG_WARN_RANGE_LOOP_ANALYSIS = YES;
				CLANG_WARN_STRICT_PROTOTYPES = YES;
				CLANG_WARN_SUSPICIOUS_MOVE = YES;
				CLANG_WARN_UNGUARDED_AVAILABILITY = YES_AGGRESSIVE;
				CLANG_WARN_UNREACHABLE_CODE = YES;
				CLANG_WARN__DUPLICATE_METHOD_MATCH = YES;
				COPY_PHASE_STRIP = NO;
				DEBUG_INFORMATION_FORMAT = dwarf;
				ENABLE_STRICT_OBJC_MSGSEND = YES;
				ENABLE_TESTABILITY = YES;
				GCC_C_LANGUAGE_STANDARD = gnu11;
				GCC_DYNAMIC_NO_PIC = NO;
				GCC_NO_COMMON_BLOCKS = YES;
				GCC_OPTIMIZATION_LEVEL = 0;
				GCC_PREPROCESSOR_DEFINITIONS = (
					"DEBUG=1",
					"$(inherited)",
				);
				GCC_WARN_64_TO_32_BIT_CONVERSION = YES;
				GCC_WARN_ABOUT_RETURN_TYPE = YES_ERROR;
				GCC_WARN_UNDECLARED_SELECTOR = YES;
				GCC_WARN_UNINITIALIZED_AUTOS = YES_AGGRESSIVE;
				GCC_WARN_UNUSED_FUNCTION = YES;
				GCC_WARN_UNUSED_VARIABLE = YES;
				IPHONEOS_DEPLOYMENT_TARGET = 14.0;
				MTL_ENABLE_DEBUG_INFO = INCLUDE_SOURCE;
				MTL_FAST_MATH = YES;
				ONLY_ACTIVE_ARCH = YES;
				SDKROOT = iphoneos;
				SWIFT_ACTIVE_COMPILATION_CONDITIONS = DEBUG;
				SWIFT_OPTIMIZATION_LEVEL = "-Onone";
			};
			name = Debug;
		};
		ACBD300A25432908002AF124 /* Release */ = {
			isa = XCBuildConfiguration;
			buildSettings = {
				ALWAYS_SEARCH_USER_PATHS = NO;
				CLANG_ANALYZER_NONNULL = YES;
				CLANG_ANALYZER_NUMBER_OBJECT_CONVERSION = YES_AGGRESSIVE;
				CLANG_CXX_LANGUAGE_STANDARD = "gnu++14";
				CLANG_CXX_LIBRARY = "libc++";
				CLANG_ENABLE_MODULES = YES;
				CLANG_ENABLE_OBJC_ARC = YES;
				CLANG_ENABLE_OBJC_WEAK = YES;
				CLANG_WARN_BLOCK_CAPTURE_AUTORELEASING = YES;
				CLANG_WARN_BOOL_CONVERSION = YES;
				CLANG_WARN_COMMA = YES;
				CLANG_WARN_CONSTANT_CONVERSION = YES;
				CLANG_WARN_DEPRECATED_OBJC_IMPLEMENTATIONS = YES;
				CLANG_WARN_DIRECT_OBJC_ISA_USAGE = YES_ERROR;
				CLANG_WARN_DOCUMENTATION_COMMENTS = YES;
				CLANG_WARN_EMPTY_BODY = YES;
				CLANG_WARN_ENUM_CONVERSION = YES;
				CLANG_WARN_INFINITE_RECURSION = YES;
				CLANG_WARN_INT_CONVERSION = YES;
				CLANG_WARN_NON_LITERAL_NULL_CONVERSION = YES;
				CLANG_WARN_OBJC_IMPLICIT_RETAIN_SELF = YES;
				CLANG_WARN_OBJC_LITERAL_CONVERSION = YES;
				CLANG_WARN_OBJC_ROOT_CLASS = YES_ERROR;
				CLANG_WARN_QUOTED_INCLUDE_IN_FRAMEWORK_HEADER = YES;
				CLANG_WARN_RANGE_LOOP_ANALYSIS = YES;
				CLANG_WARN_STRICT_PROTOTYPES = YES;
				CLANG_WARN_SUSPICIOUS_MOVE = YES;
				CLANG_WARN_UNGUARDED_AVAILABILITY = YES_AGGRESSIVE;
				CLANG_WARN_UNREACHABLE_CODE = YES;
				CLANG_WARN__DUPLICATE_METHOD_MATCH = YES;
				COPY_PHASE_STRIP = NO;
				DEBUG_INFORMATION_FORMAT = "dwarf-with-dsym";
				ENABLE_NS_ASSERTIONS = NO;
				ENABLE_STRICT_OBJC_MSGSEND = YES;
				GCC_C_LANGUAGE_STANDARD = gnu11;
				GCC_NO_COMMON_BLOCKS = YES;
				GCC_WARN_64_TO_32_BIT_CONVERSION = YES;
				GCC_WARN_ABOUT_RETURN_TYPE = YES_ERROR;
				GCC_WARN_UNDECLARED_SELECTOR = YES;
				GCC_WARN_UNINITIALIZED_AUTOS = YES_AGGRESSIVE;
				GCC_WARN_UNUSED_FUNCTION = YES;
				GCC_WARN_UNUSED_VARIABLE = YES;
				IPHONEOS_DEPLOYMENT_TARGET = 14.0;
				MTL_ENABLE_DEBUG_INFO = NO;
				MTL_FAST_MATH = YES;
				SDKROOT = iphoneos;
				SWIFT_COMPILATION_MODE = wholemodule;
				SWIFT_OPTIMIZATION_LEVEL = "-O";
				VALIDATE_PRODUCT = YES;
			};
			name = Release;
		};
		ACBD300C25432908002AF124 /* Debug */ = {
			isa = XCBuildConfiguration;
			baseConfigurationReference = A8360776D5B355782807E661 /* Pods-parstagram.debug.xcconfig */;
			buildSettings = {
				ASSETCATALOG_COMPILER_APPICON_NAME = AppIcon;
				ASSETCATALOG_COMPILER_GLOBAL_ACCENT_COLOR_NAME = AccentColor;
				CODE_SIGN_STYLE = Automatic;
				INFOPLIST_FILE = parstagram/Info.plist;
				LD_RUNPATH_SEARCH_PATHS = (
					"$(inherited)",
					"@executable_path/Frameworks",
				);
				PRODUCT_BUNDLE_IDENTIFIER = "Danielle-Rolon.parstagram";
				PRODUCT_NAME = "$(TARGET_NAME)";
				SWIFT_VERSION = 5.0;
				TARGETED_DEVICE_FAMILY = "1,2";
			};
			name = Debug;
		};
		ACBD300D25432908002AF124 /* Release */ = {
			isa = XCBuildConfiguration;
			baseConfigurationReference = 854F940189C32E0BAA312A36 /* Pods-parstagram.release.xcconfig */;
			buildSettings = {
				ASSETCATALOG_COMPILER_APPICON_NAME = AppIcon;
				ASSETCATALOG_COMPILER_GLOBAL_ACCENT_COLOR_NAME = AccentColor;
				CODE_SIGN_STYLE = Automatic;
				INFOPLIST_FILE = parstagram/Info.plist;
				LD_RUNPATH_SEARCH_PATHS = (
					"$(inherited)",
					"@executable_path/Frameworks",
				);
				PRODUCT_BUNDLE_IDENTIFIER = "Danielle-Rolon.parstagram";
				PRODUCT_NAME = "$(TARGET_NAME)";
				SWIFT_VERSION = 5.0;
				TARGETED_DEVICE_FAMILY = "1,2";
			};
			name = Release;
		};
		ACBD300F25432908002AF124 /* Debug */ = {
			isa = XCBuildConfiguration;
			baseConfigurationReference = B66B3B8C72CDCEAC3DAFB87C /* Pods-parstagramTests.debug.xcconfig */;
			buildSettings = {
				ALWAYS_EMBED_SWIFT_STANDARD_LIBRARIES = YES;
				BUNDLE_LOADER = "$(TEST_HOST)";
				CODE_SIGN_STYLE = Automatic;
				INFOPLIST_FILE = parstagramTests/Info.plist;
				IPHONEOS_DEPLOYMENT_TARGET = 14.0;
				LD_RUNPATH_SEARCH_PATHS = (
					"$(inherited)",
					"@executable_path/Frameworks",
					"@loader_path/Frameworks",
				);
				PRODUCT_BUNDLE_IDENTIFIER = "Danielle-Rolon.parstagramTests";
				PRODUCT_NAME = "$(TARGET_NAME)";
				SWIFT_VERSION = 5.0;
				TARGETED_DEVICE_FAMILY = "1,2";
				TEST_HOST = "$(BUILT_PRODUCTS_DIR)/parstagram.app/parstagram";
			};
			name = Debug;
		};
		ACBD301025432908002AF124 /* Release */ = {
			isa = XCBuildConfiguration;
			baseConfigurationReference = F8728F57E9282975E93400BF /* Pods-parstagramTests.release.xcconfig */;
			buildSettings = {
				ALWAYS_EMBED_SWIFT_STANDARD_LIBRARIES = YES;
				BUNDLE_LOADER = "$(TEST_HOST)";
				CODE_SIGN_STYLE = Automatic;
				INFOPLIST_FILE = parstagramTests/Info.plist;
				IPHONEOS_DEPLOYMENT_TARGET = 14.0;
				LD_RUNPATH_SEARCH_PATHS = (
					"$(inherited)",
					"@executable_path/Frameworks",
					"@loader_path/Frameworks",
				);
				PRODUCT_BUNDLE_IDENTIFIER = "Danielle-Rolon.parstagramTests";
				PRODUCT_NAME = "$(TARGET_NAME)";
				SWIFT_VERSION = 5.0;
				TARGETED_DEVICE_FAMILY = "1,2";
				TEST_HOST = "$(BUILT_PRODUCTS_DIR)/parstagram.app/parstagram";
			};
			name = Release;
		};
		ACBD301225432908002AF124 /* Debug */ = {
			isa = XCBuildConfiguration;
			baseConfigurationReference = E0AA1783F2E52BD3DF80AADD /* Pods-parstagram-parstagramUITests.debug.xcconfig */;
			buildSettings = {
				ALWAYS_EMBED_SWIFT_STANDARD_LIBRARIES = YES;
				CODE_SIGN_STYLE = Automatic;
				INFOPLIST_FILE = parstagramUITests/Info.plist;
				LD_RUNPATH_SEARCH_PATHS = (
					"$(inherited)",
					"@executable_path/Frameworks",
					"@loader_path/Frameworks",
				);
				PRODUCT_BUNDLE_IDENTIFIER = "Danielle-Rolon.parstagramUITests";
				PRODUCT_NAME = "$(TARGET_NAME)";
				SWIFT_VERSION = 5.0;
				TARGETED_DEVICE_FAMILY = "1,2";
				TEST_TARGET_NAME = parstagram;
			};
			name = Debug;
		};
		ACBD301325432908002AF124 /* Release */ = {
			isa = XCBuildConfiguration;
			baseConfigurationReference = 953D72AC0B916449ED3CCDDA /* Pods-parstagram-parstagramUITests.release.xcconfig */;
			buildSettings = {
				ALWAYS_EMBED_SWIFT_STANDARD_LIBRARIES = YES;
				CODE_SIGN_STYLE = Automatic;
				INFOPLIST_FILE = parstagramUITests/Info.plist;
				LD_RUNPATH_SEARCH_PATHS = (
					"$(inherited)",
					"@executable_path/Frameworks",
					"@loader_path/Frameworks",
				);
				PRODUCT_BUNDLE_IDENTIFIER = "Danielle-Rolon.parstagramUITests";
				PRODUCT_NAME = "$(TARGET_NAME)";
				SWIFT_VERSION = 5.0;
				TARGETED_DEVICE_FAMILY = "1,2";
				TEST_TARGET_NAME = parstagram;
			};
			name = Release;
		};
/* End XCBuildConfiguration section */

/* Begin XCConfigurationList section */
		ACBD2FDC25432907002AF124 /* Build configuration list for PBXProject "parstagram" */ = {
			isa = XCConfigurationList;
			buildConfigurations = (
				ACBD300925432908002AF124 /* Debug */,
				ACBD300A25432908002AF124 /* Release */,
			);
			defaultConfigurationIsVisible = 0;
			defaultConfigurationName = Release;
		};
		ACBD300B25432908002AF124 /* Build configuration list for PBXNativeTarget "parstagram" */ = {
			isa = XCConfigurationList;
			buildConfigurations = (
				ACBD300C25432908002AF124 /* Debug */,
				ACBD300D25432908002AF124 /* Release */,
			);
			defaultConfigurationIsVisible = 0;
			defaultConfigurationName = Release;
		};
		ACBD300E25432908002AF124 /* Build configuration list for PBXNativeTarget "parstagramTests" */ = {
			isa = XCConfigurationList;
			buildConfigurations = (
				ACBD300F25432908002AF124 /* Debug */,
				ACBD301025432908002AF124 /* Release */,
			);
			defaultConfigurationIsVisible = 0;
			defaultConfigurationName = Release;
		};
		ACBD301125432908002AF124 /* Build configuration list for PBXNativeTarget "parstagramUITests" */ = {
			isa = XCConfigurationList;
			buildConfigurations = (
				ACBD301225432908002AF124 /* Debug */,
				ACBD301325432908002AF124 /* Release */,
			);
			defaultConfigurationIsVisible = 0;
			defaultConfigurationName = Release;
		};
/* End XCConfigurationList section */
	};
	rootObject = ACBD2FD925432907002AF124 /* Project object */;
}
